github.com/yang-zzhong/go-restfulpath v0.1.0 h1:vtwZ9KNaCJ2IazsxjQtrGlRAHPbo7CgkoALj/7BL2Vc=
github.com/yang-zzhong/go-restfulpath v0.1.0/go.mod h1:H3VJkctgN2SCYmtHsxl5rg4dbewHrcpHFQEOXK9Bz0o=
github.com/yang-zzhong/go-restfulpath v0.2.0 h1:F0zzoiMh6dg1ALTcQsmqLw4MZ84tUHgypX5GOiKZt5s=
github.com/yang-zzhong/go-restfulpath v0.2.0/go.mod h1:H3VJkctgN2SCYmtHsxl5rg4dbewHrcpHFQEOXK9Bz0o=
